
Microsoft Visual Studio Solution File, Format Version 12.00
# Visual Studio Version 17
VisualStudioVersion = 17.14.36203.30 d17.14
MinimumVisualStudioVersion = 10.0.40219.1
Project("{FAE04EC0-301F-11D3-BF4B-00C04F79EFBC}") = "NovoEstacionamento", "NovoEstacionamento\NovoEstacionamento.csproj", "{462DA30C-21E7-4DB7-80C9-9FC79F764501}"
EndProject
Global
	GlobalSection(SolutionConfigurationPlatforms) = preSolution
		Debug|Any CPU = Debug|Any CPU
		Release|Any CPU = Release|Any CPU
	EndGlobalSection
	GlobalSection(ProjectConfigurationPlatforms) = postSolution
		{462DA30C-21E7-4DB7-80C9-9FC79F764501}.Debug|Any CPU.ActiveCfg = Debug|Any CPU
		{462DA30C-21E7-4DB7-80C9-9FC79F764501}.Debug|Any CPU.Build.0 = Debug|Any CPU
		{462DA30C-21E7-4DB7-80C9-9FC79F764501}.Release|Any CPU.ActiveCfg = Release|Any CPU
		{462DA30C-21E7-4DB7-80C9-9FC79F764501}.Release|Any CPU.Build.0 = Release|Any CPU
	EndGlobalSection
	GlobalSection(SolutionProperties) = preSolution
		HideSolutionNode = FALSE
	EndGlobalSection
	GlobalSection(ExtensibilityGlobals) = postSolution
		SolutionGuid = {DA000A31-C51C-49BA-BDC4-FBCC3A380605}
	EndGlobalSection
EndGlobal
